<?xml version="1.0" encoding="utf-8"?>
<Project ToolsVersion="4.0" xmlns="http://schemas.microsoft.com/developer/msbuild/2003">
  <ItemGroup>
    <Filter Include="Resource Files">
      <UniqueIdentifier>{67DA6AB6-F800-4c08-8B7A-83BB121AAD01}</UniqueIdentifier>
      <Extensions>rc;ico;cur;bmp;dlg;rc2;rct;bin;rgs;gif;jpg;jpeg;jpe;resx;tiff;tif;png;wav;mfcribbon-ms</Extensions>
    </Filter>
    <Filter Include="ENgine">
      <UniqueIdentifier>{1fc6e991-1ec1-4520-94d2-e8f73c03c996}</UniqueIdentifier>
    </Filter>
    <Filter Include="ENgine\Root">
      <UniqueIdentifier>{cb699a75-3020-429d-92e5-adc52009f7ce}</UniqueIdentifier>
    </Filter>
    <Filter Include="ENgine\Support">
      <UniqueIdentifier>{8a7c89f7-cd92-46d0-88ad-a574d8e06132}</UniqueIdentifier>
    </Filter>
    <Filter Include="ENgine\Support\Math">
      <UniqueIdentifier>{93faa772-3936-464b-bdf3-1b4b64d61c70}</UniqueIdentifier>
    </Filter>
    <Filter Include="ENgine\Root\Files">
      <UniqueIdentifier>{964983e8-fa2d-4b80-81c5-e703fe3ca080}</UniqueIdentifier>
    </Filter>
    <Filter Include="Libs">
      <UniqueIdentifier>{5f2e6ccd-2903-4835-a7f3-3ec9a674ad6b}</UniqueIdentifier>
    </Filter>
    <Filter Include="Libs\vjson">
      <UniqueIdentifier>{745e19cb-ee68-4327-b669-1f7e8cc62ed0}</UniqueIdentifier>
    </Filter>
    <Filter Include="ENgine\Root\TaskExecutor">
      <UniqueIdentifier>{5c1ffedd-4fff-40e4-8b4a-273b587dfbeb}</UniqueIdentifier>
    </Filter>
    <Filter Include="ENgine\Root\Render">
      <UniqueIdentifier>{b43779a7-158f-4b98-82bd-2819f9b8b888}</UniqueIdentifier>
    </Filter>
    <Filter Include="ENgine\Root\Render\Debug">
      <UniqueIdentifier>{eed1eee6-1f8c-47d1-9a17-d0cdb657b7b7}</UniqueIdentifier>
    </Filter>
    <Filter Include="ENgine\Root\Render\DX11">
      <UniqueIdentifier>{cb133488-17fc-4e45-8189-f3f5060fd33b}</UniqueIdentifier>
    </Filter>
    <Filter Include="ENgine\Root\Fonts">
      <UniqueIdentifier>{8c17a77d-4582-4e6f-95e5-94dc2541b000}</UniqueIdentifier>
    </Filter>
    <Filter Include="ENgine\Editor">
      <UniqueIdentifier>{55e9d59d-c8a8-4755-82a8-5a73491b7dc9}</UniqueIdentifier>
    </Filter>
    <Filter Include="ENgine\Platform">
      <UniqueIdentifier>{1719761c-68d3-4f42-8861-c7373fb7aa94}</UniqueIdentifier>
    </Filter>
    <Filter Include="ENgine\Platform\Win">
      <UniqueIdentifier>{be6a7cfb-edf8-4fee-be24-aa9bc793325d}</UniqueIdentifier>
    </Filter>
    <Filter Include="ENgine\Root\Controls">
      <UniqueIdentifier>{7987f5a7-6656-4ee5-b28a-9a10fbc0a48b}</UniqueIdentifier>
    </Filter>
    <Filter Include="Libs\eastl">
      <UniqueIdentifier>{00bbfa71-28eb-4807-a701-c2557ba4f8ac}</UniqueIdentifier>
    </Filter>
    <Filter Include="Libs\eastl\include">
      <UniqueIdentifier>{d22f8c3f-be57-4f29-852f-62b360821f6b}</UniqueIdentifier>
    </Filter>
    <Filter Include="Libs\eastl\include\bonus">
      <UniqueIdentifier>{03aa5cc6-98c1-422f-8efb-ffb2c9b3f4b3}</UniqueIdentifier>
    </Filter>
    <Filter Include="Libs\eastl\source">
      <UniqueIdentifier>{92563e23-aef1-46d4-8091-e599f0051123}</UniqueIdentifier>
    </Filter>
  </ItemGroup>
  <ItemGroup>
    <ResourceCompile Include="Oak.rc">
      <Filter>Resource Files</Filter>
    </ResourceCompile>
  </ItemGroup>
  <ItemGroup>
    <Image Include="small.ico">
      <Filter>Resource Files</Filter>
    </Image>
    <Image Include="Oak.ico">
      <Filter>Resource Files</Filter>
    </Image>
  </ItemGroup>
  <ItemGroup>
    <ClCompile Include="..\..\..\ENgine\Support\Timer.cpp">
      <Filter>ENgine\Support</Filter>
    </ClCompile>
    <ClCompile Include="..\..\..\ENgine\Root\Root.cpp">
      <Filter>ENgine\Root</Filter>
    </ClCompile>
    <ClCompile Include="..\..\..\ENgine\Support\StringUtils.cpp">
      <Filter>ENgine\Support</Filter>
    </ClCompile>
    <ClCompile Include="..\..\..\ENgine\Support\Math\Math.cpp">
      <Filter>ENgine\Support\Math</Filter>
    </ClCompile>
    <ClCompile Include="..\..\..\ENgine\Root\Files\FileInMemory.cpp">
      <Filter>ENgine\Root\Files</Filter>
    </ClCompile>
    <ClCompile Include="..\..\..\ENgine\Root\Files\Files.cpp">
      <Filter>ENgine\Root\Files</Filter>
    </ClCompile>
    <ClCompile Include="..\..\..\ENgine\Root\Files\File.cpp">
      <Filter>ENgine\Root\Files</Filter>
    </ClCompile>
    <ClCompile Include="..\..\..\Libs\vjson\block_allocator.cpp">
      <Filter>Libs\vjson</Filter>
    </ClCompile>
    <ClCompile Include="..\..\..\Libs\vjson\json.cpp">
      <Filter>Libs\vjson</Filter>
    </ClCompile>
    <ClCompile Include="..\..\..\ENgine\Root\Files\JsonReader.cpp">
      <Filter>ENgine\Root\Files</Filter>
    </ClCompile>
    <ClCompile Include="..\..\..\ENgine\Root\Files\JsonWriter.cpp">
      <Filter>ENgine\Root\Files</Filter>
    </ClCompile>
    <ClCompile Include="..\..\..\ENgine\Root\TaskExecutor\TaskExecutor.cpp">
      <Filter>ENgine\Root\TaskExecutor</Filter>
    </ClCompile>
    <ClCompile Include="..\..\..\ENgine\Root\Render\Program.cpp">
      <Filter>ENgine\Root\Render</Filter>
    </ClCompile>
    <ClCompile Include="..\..\..\ENgine\Root\Render\Render.cpp">
      <Filter>ENgine\Root\Render</Filter>
    </ClCompile>
    <ClCompile Include="..\..\..\ENgine\Root\Render\Texture.cpp">
      <Filter>ENgine\Root\Render</Filter>
    </ClCompile>
    <ClCompile Include="..\..\..\ENgine\Root\Render\DX11\DataBufferDX11.cpp">
      <Filter>ENgine\Root\Render\DX11</Filter>
    </ClCompile>
    <ClCompile Include="..\..\..\ENgine\Root\Render\DX11\DeviceDX11.cpp">
      <Filter>ENgine\Root\Render\DX11</Filter>
    </ClCompile>
    <ClCompile Include="..\..\..\ENgine\Root\Render\DX11\ShaderDX11.cpp">
      <Filter>ENgine\Root\Render\DX11</Filter>
    </ClCompile>
    <ClCompile Include="..\..\..\ENgine\Root\Render\DX11\TextureDX11.cpp">
      <Filter>ENgine\Root\Render\DX11</Filter>
    </ClCompile>
    <ClCompile Include="..\..\..\ENgine\Root\Render\DX11\VertexDeclDX11.cpp">
      <Filter>ENgine\Root\Render\DX11</Filter>
    </ClCompile>
    <ClCompile Include="..\..\..\ENgine\Root\Render\Debug\DebugBoxes.cpp">
      <Filter>ENgine\Root\Render\Debug</Filter>
    </ClCompile>
    <ClCompile Include="..\..\..\ENgine\Root\Render\Debug\DebugFont.cpp">
      <Filter>ENgine\Root\Render\Debug</Filter>
    </ClCompile>
    <ClCompile Include="..\..\..\ENgine\Root\Render\Debug\DebugLines.cpp">
      <Filter>ENgine\Root\Render\Debug</Filter>
    </ClCompile>
    <ClCompile Include="..\..\..\ENgine\Root\Render\Debug\DebugPrograms.cpp">
      <Filter>ENgine\Root\Render\Debug</Filter>
    </ClCompile>
    <ClCompile Include="..\..\..\ENgine\Root\Render\Debug\DebugSpheres.cpp">
      <Filter>ENgine\Root\Render\Debug</Filter>
    </ClCompile>
    <ClCompile Include="..\..\..\ENgine\Root\Render\Debug\DebugSprites.cpp">
      <Filter>ENgine\Root\Render\Debug</Filter>
    </ClCompile>
    <ClCompile Include="..\..\..\ENgine\Root\Render\Debug\DebugTriangles.cpp">
      <Filter>ENgine\Root\Render\Debug</Filter>
    </ClCompile>
    <ClCompile Include="..\..\..\ENgine\Root\Render\Debug\DebugTriangles2D.cpp">
      <Filter>ENgine\Root\Render\Debug</Filter>
    </ClCompile>
    <ClCompile Include="..\..\..\ENgine\Root\Fonts\Font.cpp">
      <Filter>ENgine\Root\Fonts</Filter>
    </ClCompile>
    <ClCompile Include="..\..\..\ENgine\Root\Fonts\FontRes.cpp">
      <Filter>ENgine\Root\Fonts</Filter>
    </ClCompile>
    <ClCompile Include="..\..\..\ENgine\Root\Fonts\Fonts.cpp">
      <Filter>ENgine\Root\Fonts</Filter>
    </ClCompile>
    <ClCompile Include="..\..\..\ENgine\Editor\Editor.cpp">
      <Filter>ENgine\Editor</Filter>
    </ClCompile>
    <ClCompile Include="..\..\..\ENgine\Platform\Win\main.cpp">
      <Filter>ENgine\Platform\Win</Filter>
    </ClCompile>
    <ClCompile Include="..\..\..\ENgine\Root\Controls\Controls.cpp">
      <Filter>ENgine\Root\Controls</Filter>
    </ClCompile>
    <ClCompile Include="..\..\..\ENgine\Editor\Freecamera.cpp">
      <Filter>ENgine\Editor</Filter>
    </ClCompile>
    <ClCompile Include="..\..\..\Libs\eastl\source\allocator_eastl.cpp">
      <Filter>Libs\eastl\source</Filter>
    </ClCompile>
    <ClCompile Include="..\..\..\Libs\eastl\source\assert.cpp">
      <Filter>Libs\eastl\source</Filter>
    </ClCompile>
    <ClCompile Include="..\..\..\Libs\eastl\source\fixed_pool.cpp">
      <Filter>Libs\eastl\source</Filter>
    </ClCompile>
    <ClCompile Include="..\..\..\Libs\eastl\source\hashtable.cpp">
      <Filter>Libs\eastl\source</Filter>
    </ClCompile>
    <ClCompile Include="..\..\..\Libs\eastl\source\intrusive_list.cpp">
      <Filter>Libs\eastl\source</Filter>
    </ClCompile>
    <ClCompile Include="..\..\..\Libs\eastl\source\numeric_limits.cpp">
      <Filter>Libs\eastl\source</Filter>
    </ClCompile>
    <ClCompile Include="..\..\..\Libs\eastl\source\red_black_tree.cpp">
      <Filter>Libs\eastl\source</Filter>
    </ClCompile>
    <ClCompile Include="..\..\..\Libs\eastl\source\string.cpp">
      <Filter>Libs\eastl\source</Filter>
    </ClCompile>
    <ClCompile Include="..\..\..\Libs\eastl\source\thread_support.cpp">
      <Filter>Libs\eastl\source</Filter>
    </ClCompile>
  </ItemGroup>
  <ItemGroup>
    <ClInclude Include="Resource.h">
      <Filter>Resource Files</Filter>
    </ClInclude>
    <ClInclude Include="..\..\..\ENgine\Support\Timer.h">
      <Filter>ENgine\Support</Filter>
    </ClInclude>
    <ClInclude Include="..\..\..\ENgine\Root\Root.h">
      <Filter>ENgine\Root</Filter>
    </ClInclude>
    <ClInclude Include="..\..\..\ENgine\Support\StringUtils.h">
      <Filter>ENgine\Support</Filter>
    </ClInclude>
    <ClInclude Include="..\..\..\ENgine\Support\Math\Math.h">
      <Filter>ENgine\Support\Math</Filter>
    </ClInclude>
    <ClInclude Include="..\..\..\ENgine\Support\Math\Matrix.h">
      <Filter>ENgine\Support\Math</Filter>
    </ClInclude>
    <ClInclude Include="..\..\..\ENgine\Support\Math\Quaternion.h">
      <Filter>ENgine\Support\Math</Filter>
    </ClInclude>
    <ClInclude Include="..\..\..\ENgine\Support\Math\Vector2.h">
      <Filter>ENgine\Support\Math</Filter>
    </ClInclude>
    <ClInclude Include="..\..\..\ENgine\Support\Math\Vector3.h">
      <Filter>ENgine\Support\Math</Filter>
    </ClInclude>
    <ClInclude Include="..\..\..\ENgine\Support\Math\Vector4.h">
      <Filter>ENgine\Support\Math</Filter>
    </ClInclude>
    <ClInclude Include="..\..\..\ENgine\Root\Files\FileInMemory.h">
      <Filter>ENgine\Root\Files</Filter>
    </ClInclude>
    <ClInclude Include="..\..\..\ENgine\Root\Files\Files.h">
      <Filter>ENgine\Root\Files</Filter>
    </ClInclude>
    <ClInclude Include="..\..\..\ENgine\Root\Files\File.h">
      <Filter>ENgine\Root\Files</Filter>
    </ClInclude>
    <ClInclude Include="..\..\..\Libs\vjson\block_allocator.h">
      <Filter>Libs\vjson</Filter>
    </ClInclude>
    <ClInclude Include="..\..\..\Libs\vjson\json.h">
      <Filter>Libs\vjson</Filter>
    </ClInclude>
    <ClInclude Include="..\..\..\ENgine\Support\Color.h">
      <Filter>ENgine\Support</Filter>
    </ClInclude>
    <ClInclude Include="..\..\..\ENgine\Support\Defines.h">
      <Filter>ENgine\Support</Filter>
    </ClInclude>
    <ClInclude Include="..\..\..\ENgine\Support\Support.h">
      <Filter>ENgine\Support</Filter>
    </ClInclude>
    <ClInclude Include="..\..\..\ENgine\Root\Files\JsonReader.h">
      <Filter>ENgine\Root\Files</Filter>
    </ClInclude>
    <ClInclude Include="..\..\..\ENgine\Root\Files\JsonWriter.h">
      <Filter>ENgine\Root\Files</Filter>
    </ClInclude>
    <ClInclude Include="..\..\..\ENgine\Root\TaskExecutor\TaskExecutor.h">
      <Filter>ENgine\Root\TaskExecutor</Filter>
    </ClInclude>
    <ClInclude Include="..\..\..\ENgine\Support\Delegate.h">
      <Filter>ENgine\Support</Filter>
    </ClInclude>
    <ClInclude Include="..\..\..\ENgine\Root\Render\DataBuffer.h">
      <Filter>ENgine\Root\Render</Filter>
    </ClInclude>
    <ClInclude Include="..\..\..\ENgine\Root\Render\Device.h">
      <Filter>ENgine\Root\Render</Filter>
    </ClInclude>
    <ClInclude Include="..\..\..\ENgine\Root\Render\Program.h">
      <Filter>ENgine\Root\Render</Filter>
    </ClInclude>
    <ClInclude Include="..\..\..\ENgine\Root\Render\Render.h">
      <Filter>ENgine\Root\Render</Filter>
    </ClInclude>
    <ClInclude Include="..\..\..\ENgine\Root\Render\Shader.h">
      <Filter>ENgine\Root\Render</Filter>
    </ClInclude>
    <ClInclude Include="..\..\..\ENgine\Root\Render\Texture.h">
      <Filter>ENgine\Root\Render</Filter>
    </ClInclude>
    <ClInclude Include="..\..\..\ENgine\Root\Render\VertexDecl.h">
      <Filter>ENgine\Root\Render</Filter>
    </ClInclude>
    <ClInclude Include="..\..\..\ENgine\Root\Render\DX11\DataBufferDX11.h">
      <Filter>ENgine\Root\Render\DX11</Filter>
    </ClInclude>
    <ClInclude Include="..\..\..\ENgine\Root\Render\DX11\DeviceDX11.h">
      <Filter>ENgine\Root\Render\DX11</Filter>
    </ClInclude>
    <ClInclude Include="..\..\..\ENgine\Root\Render\DX11\ShaderDX11.h">
      <Filter>ENgine\Root\Render\DX11</Filter>
    </ClInclude>
    <ClInclude Include="..\..\..\ENgine\Root\Render\DX11\TextureDX11.h">
      <Filter>ENgine\Root\Render\DX11</Filter>
    </ClInclude>
    <ClInclude Include="..\..\..\ENgine\Root\Render\DX11\VertexDeclDX11.h">
      <Filter>ENgine\Root\Render\DX11</Filter>
    </ClInclude>
    <ClInclude Include="..\..\..\ENgine\Root\Render\Debug\Debug.h">
      <Filter>ENgine\Root\Render\Debug</Filter>
    </ClInclude>
    <ClInclude Include="..\..\..\ENgine\Root\Render\Debug\DebugBoxes.h">
      <Filter>ENgine\Root\Render\Debug</Filter>
    </ClInclude>
    <ClInclude Include="..\..\..\ENgine\Root\Render\Debug\DebugFont.h">
      <Filter>ENgine\Root\Render\Debug</Filter>
    </ClInclude>
    <ClInclude Include="..\..\..\ENgine\Root\Render\Debug\DebugLines.h">
      <Filter>ENgine\Root\Render\Debug</Filter>
    </ClInclude>
    <ClInclude Include="..\..\..\ENgine\Root\Render\Debug\DebugPrograms.h">
      <Filter>ENgine\Root\Render\Debug</Filter>
    </ClInclude>
    <ClInclude Include="..\..\..\ENgine\Root\Render\Debug\DebugSpheres.h">
      <Filter>ENgine\Root\Render\Debug</Filter>
    </ClInclude>
    <ClInclude Include="..\..\..\ENgine\Root\Render\Debug\DebugSprites.h">
      <Filter>ENgine\Root\Render\Debug</Filter>
    </ClInclude>
    <ClInclude Include="..\..\..\ENgine\Root\Render\Debug\DebugTriangles.h">
      <Filter>ENgine\Root\Render\Debug</Filter>
    </ClInclude>
    <ClInclude Include="..\..\..\ENgine\Root\Render\Debug\DebugTriangles2D.h">
      <Filter>ENgine\Root\Render\Debug</Filter>
    </ClInclude>
    <ClInclude Include="..\..\..\ENgine\Support\ClassFactory.h">
      <Filter>ENgine\Support</Filter>
    </ClInclude>
    <ClInclude Include="..\..\..\ENgine\Root\Fonts\Font.h">
      <Filter>ENgine\Root\Fonts</Filter>
    </ClInclude>
    <ClInclude Include="..\..\..\ENgine\Root\Fonts\FontRes.h">
      <Filter>ENgine\Root\Fonts</Filter>
    </ClInclude>
    <ClInclude Include="..\..\..\ENgine\Root\Fonts\Fonts.h">
      <Filter>ENgine\Root\Fonts</Filter>
    </ClInclude>
    <ClInclude Include="..\..\..\ENgine\Editor\Editor.h">
      <Filter>ENgine\Editor</Filter>
    </ClInclude>
    <ClInclude Include="..\..\..\ENgine\Root\Controls\Controls.h">
      <Filter>ENgine\Root\Controls</Filter>
    </ClInclude>
    <ClInclude Include="..\..\..\ENgine\Editor\Freecamera.h">
      <Filter>ENgine\Editor</Filter>
    </ClInclude>
    <ClInclude Include="..\..\..\Libs\eastl\include\EASTL\algorithm.h">
      <Filter>Libs\eastl\include</Filter>
    </ClInclude>
    <ClInclude Include="..\..\..\Libs\eastl\include\EASTL\allocator.h">
      <Filter>Libs\eastl\include</Filter>
    </ClInclude>
    <ClInclude Include="..\..\..\Libs\eastl\include\EASTL\allocator_malloc.h">
      <Filter>Libs\eastl\include</Filter>
    </ClInclude>
    <ClInclude Include="..\..\..\Libs\eastl\include\EASTL\any.h">
      <Filter>Libs\eastl\include</Filter>
    </ClInclude>
    <ClInclude Include="..\..\..\Libs\eastl\include\EASTL\array.h">
      <Filter>Libs\eastl\include</Filter>
    </ClInclude>
    <ClInclude Include="..\..\..\Libs\eastl\include\EASTL\bitset.h">
      <Filter>Libs\eastl\include</Filter>
    </ClInclude>
    <ClInclude Include="..\..\..\Libs\eastl\include\EASTL\bitvector.h">
      <Filter>Libs\eastl\include</Filter>
    </ClInclude>
    <ClInclude Include="..\..\..\Libs\eastl\include\EASTL\chrono.h">
      <Filter>Libs\eastl\include</Filter>
    </ClInclude>
    <ClInclude Include="..\..\..\Libs\eastl\include\EASTL\core_allocator.h">
      <Filter>Libs\eastl\include</Filter>
    </ClInclude>
    <ClInclude Include="..\..\..\Libs\eastl\include\EASTL\core_allocator_adapter.h">
      <Filter>Libs\eastl\include</Filter>
    </ClInclude>
    <ClInclude Include="..\..\..\Libs\eastl\include\EASTL\deque.h">
      <Filter>Libs\eastl\include</Filter>
    </ClInclude>
    <ClInclude Include="..\..\..\Libs\eastl\include\EASTL\finally.h">
      <Filter>Libs\eastl\include</Filter>
    </ClInclude>
    <ClInclude Include="..\..\..\Libs\eastl\include\EASTL\fixed_allocator.h">
      <Filter>Libs\eastl\include</Filter>
    </ClInclude>
    <ClInclude Include="..\..\..\Libs\eastl\include\EASTL\fixed_function.h">
      <Filter>Libs\eastl\include</Filter>
    </ClInclude>
    <ClInclude Include="..\..\..\Libs\eastl\include\EASTL\fixed_hash_map.h">
      <Filter>Libs\eastl\include</Filter>
    </ClInclude>
    <ClInclude Include="..\..\..\Libs\eastl\include\EASTL\fixed_hash_set.h">
      <Filter>Libs\eastl\include</Filter>
    </ClInclude>
    <ClInclude Include="..\..\..\Libs\eastl\include\EASTL\fixed_list.h">
      <Filter>Libs\eastl\include</Filter>
    </ClInclude>
    <ClInclude Include="..\..\..\Libs\eastl\include\EASTL\fixed_map.h">
      <Filter>Libs\eastl\include</Filter>
    </ClInclude>
    <ClInclude Include="..\..\..\Libs\eastl\include\EASTL\fixed_set.h">
      <Filter>Libs\eastl\include</Filter>
    </ClInclude>
    <ClInclude Include="..\..\..\Libs\eastl\include\EASTL\fixed_slist.h">
      <Filter>Libs\eastl\include</Filter>
    </ClInclude>
    <ClInclude Include="..\..\..\Libs\eastl\include\EASTL\fixed_string.h">
      <Filter>Libs\eastl\include</Filter>
    </ClInclude>
    <ClInclude Include="..\..\..\Libs\eastl\include\EASTL\fixed_substring.h">
      <Filter>Libs\eastl\include</Filter>
    </ClInclude>
    <ClInclude Include="..\..\..\Libs\eastl\include\EASTL\fixed_vector.h">
      <Filter>Libs\eastl\include</Filter>
    </ClInclude>
    <ClInclude Include="..\..\..\Libs\eastl\include\EASTL\functional.h">
      <Filter>Libs\eastl\include</Filter>
    </ClInclude>
    <ClInclude Include="..\..\..\Libs\eastl\include\EASTL\hash_map.h">
      <Filter>Libs\eastl\include</Filter>
    </ClInclude>
    <ClInclude Include="..\..\..\Libs\eastl\include\EASTL\hash_set.h">
      <Filter>Libs\eastl\include</Filter>
    </ClInclude>
    <ClInclude Include="..\..\..\Libs\eastl\include\EASTL\heap.h">
      <Filter>Libs\eastl\include</Filter>
    </ClInclude>
    <ClInclude Include="..\..\..\Libs\eastl\include\EASTL\initializer_list.h">
      <Filter>Libs\eastl\include</Filter>
    </ClInclude>
    <ClInclude Include="..\..\..\Libs\eastl\include\EASTL\intrusive_hash_map.h">
      <Filter>Libs\eastl\include</Filter>
    </ClInclude>
    <ClInclude Include="..\..\..\Libs\eastl\include\EASTL\intrusive_hash_set.h">
      <Filter>Libs\eastl\include</Filter>
    </ClInclude>
    <ClInclude Include="..\..\..\Libs\eastl\include\EASTL\intrusive_list.h">
      <Filter>Libs\eastl\include</Filter>
    </ClInclude>
    <ClInclude Include="..\..\..\Libs\eastl\include\EASTL\intrusive_ptr.h">
      <Filter>Libs\eastl\include</Filter>
    </ClInclude>
    <ClInclude Include="..\..\..\Libs\eastl\include\EASTL\iterator.h">
      <Filter>Libs\eastl\include</Filter>
    </ClInclude>
    <ClInclude Include="..\..\..\Libs\eastl\include\EASTL\linked_array.h">
      <Filter>Libs\eastl\include</Filter>
    </ClInclude>
    <ClInclude Include="..\..\..\Libs\eastl\include\EASTL\linked_ptr.h">
      <Filter>Libs\eastl\include</Filter>
    </ClInclude>
    <ClInclude Include="..\..\..\Libs\eastl\include\EASTL\list.h">
      <Filter>Libs\eastl\include</Filter>
    </ClInclude>
    <ClInclude Include="..\..\..\Libs\eastl\include\EASTL\map.h">
      <Filter>Libs\eastl\include</Filter>
    </ClInclude>
    <ClInclude Include="..\..\..\Libs\eastl\include\EASTL\memory.h">
      <Filter>Libs\eastl\include</Filter>
    </ClInclude>
    <ClInclude Include="..\..\..\Libs\eastl\include\EASTL\meta.h">
      <Filter>Libs\eastl\include</Filter>
    </ClInclude>
    <ClInclude Include="..\..\..\Libs\eastl\include\EASTL\numeric.h">
      <Filter>Libs\eastl\include</Filter>
    </ClInclude>
    <ClInclude Include="..\..\..\Libs\eastl\include\EASTL\numeric_limits.h">
      <Filter>Libs\eastl\include</Filter>
    </ClInclude>
    <ClInclude Include="..\..\..\Libs\eastl\include\EASTL\optional.h">
      <Filter>Libs\eastl\include</Filter>
    </ClInclude>
    <ClInclude Include="..\..\..\Libs\eastl\include\EASTL\priority_queue.h">
      <Filter>Libs\eastl\include</Filter>
    </ClInclude>
    <ClInclude Include="..\..\..\Libs\eastl\include\EASTL\queue.h">
      <Filter>Libs\eastl\include</Filter>
    </ClInclude>
    <ClInclude Include="..\..\..\Libs\eastl\include\EASTL\random.h">
      <Filter>Libs\eastl\include</Filter>
    </ClInclude>
    <ClInclude Include="..\..\..\Libs\eastl\include\EASTL\ratio.h">
      <Filter>Libs\eastl\include</Filter>
    </ClInclude>
    <ClInclude Include="..\..\..\Libs\eastl\include\EASTL\safe_ptr.h">
      <Filter>Libs\eastl\include</Filter>
    </ClInclude>
    <ClInclude Include="..\..\..\Libs\eastl\include\EASTL\scoped_array.h">
      <Filter>Libs\eastl\include</Filter>
    </ClInclude>
    <ClInclude Include="..\..\..\Libs\eastl\include\EASTL\scoped_ptr.h">
      <Filter>Libs\eastl\include</Filter>
    </ClInclude>
    <ClInclude Include="..\..\..\Libs\eastl\include\EASTL\segmented_vector.h">
      <Filter>Libs\eastl\include</Filter>
    </ClInclude>
    <ClInclude Include="..\..\..\Libs\eastl\include\EASTL\set.h">
      <Filter>Libs\eastl\include</Filter>
    </ClInclude>
    <ClInclude Include="..\..\..\Libs\eastl\include\EASTL\shared_array.h">
      <Filter>Libs\eastl\include</Filter>
    </ClInclude>
    <ClInclude Include="..\..\..\Libs\eastl\include\EASTL\shared_ptr.h">
      <Filter>Libs\eastl\include</Filter>
    </ClInclude>
    <ClInclude Include="..\..\..\Libs\eastl\include\EASTL\slist.h">
      <Filter>Libs\eastl\include</Filter>
    </ClInclude>
    <ClInclude Include="..\..\..\Libs\eastl\include\EASTL\sort.h">
      <Filter>Libs\eastl\include</Filter>
    </ClInclude>
    <ClInclude Include="..\..\..\Libs\eastl\include\EASTL\span.h">
      <Filter>Libs\eastl\include</Filter>
    </ClInclude>
    <ClInclude Include="..\..\..\Libs\eastl\include\EASTL\stack.h">
      <Filter>Libs\eastl\include</Filter>
    </ClInclude>
    <ClInclude Include="..\..\..\Libs\eastl\include\EASTL\string.h">
      <Filter>Libs\eastl\include</Filter>
    </ClInclude>
    <ClInclude Include="..\..\..\Libs\eastl\include\EASTL\string_hash_map.h">
      <Filter>Libs\eastl\include</Filter>
    </ClInclude>
    <ClInclude Include="..\..\..\Libs\eastl\include\EASTL\string_map.h">
      <Filter>Libs\eastl\include</Filter>
    </ClInclude>
    <ClInclude Include="..\..\..\Libs\eastl\include\EASTL\string_view.h">
      <Filter>Libs\eastl\include</Filter>
    </ClInclude>
    <ClInclude Include="..\..\..\Libs\eastl\include\EASTL\tuple.h">
      <Filter>Libs\eastl\include</Filter>
    </ClInclude>
    <ClInclude Include="..\..\..\Libs\eastl\include\EASTL\type_traits.h">
      <Filter>Libs\eastl\include</Filter>
    </ClInclude>
    <ClInclude Include="..\..\..\Libs\eastl\include\EASTL\unique_ptr.h">
      <Filter>Libs\eastl\include</Filter>
    </ClInclude>
    <ClInclude Include="..\..\..\Libs\eastl\include\EASTL\unordered_map.h">
      <Filter>Libs\eastl\include</Filter>
    </ClInclude>
    <ClInclude Include="..\..\..\Libs\eastl\include\EASTL\unordered_set.h">
      <Filter>Libs\eastl\include</Filter>
    </ClInclude>
    <ClInclude Include="..\..\..\Libs\eastl\include\EASTL\utility.h">
      <Filter>Libs\eastl\include</Filter>
    </ClInclude>
    <ClInclude Include="..\..\..\Libs\eastl\include\EASTL\variant.h">
      <Filter>Libs\eastl\include</Filter>
    </ClInclude>
    <ClInclude Include="..\..\..\Libs\eastl\include\EASTL\vector.h">
      <Filter>Libs\eastl\include</Filter>
    </ClInclude>
    <ClInclude Include="..\..\..\Libs\eastl\include\EASTL\vector_map.h">
      <Filter>Libs\eastl\include</Filter>
    </ClInclude>
    <ClInclude Include="..\..\..\Libs\eastl\include\EASTL\vector_multimap.h">
      <Filter>Libs\eastl\include</Filter>
    </ClInclude>
    <ClInclude Include="..\..\..\Libs\eastl\include\EASTL\vector_multiset.h">
      <Filter>Libs\eastl\include</Filter>
    </ClInclude>
    <ClInclude Include="..\..\..\Libs\eastl\include\EASTL\vector_set.h">
      <Filter>Libs\eastl\include</Filter>
    </ClInclude>
    <ClInclude Include="..\..\..\Libs\eastl\include\EASTL\version.h">
      <Filter>Libs\eastl\include</Filter>
    </ClInclude>
    <ClInclude Include="..\..\..\Libs\eastl\include\EASTL\weak_ptr.h">
      <Filter>Libs\eastl\include</Filter>
    </ClInclude>
    <ClInclude Include="..\..\..\Libs\eastl\include\EASTL\bonus\adaptors.h">
      <Filter>Libs\eastl\include\bonus</Filter>
    </ClInclude>
    <ClInclude Include="..\..\..\Libs\eastl\include\EASTL\bonus\call_traits.h">
      <Filter>Libs\eastl\include\bonus</Filter>
    </ClInclude>
    <ClInclude Include="..\..\..\Libs\eastl\include\EASTL\bonus\compressed_pair.h">
      <Filter>Libs\eastl\include\bonus</Filter>
    </ClInclude>
    <ClInclude Include="..\..\..\Libs\eastl\include\EASTL\bonus\fixed_ring_buffer.h">
      <Filter>Libs\eastl\include\bonus</Filter>
    </ClInclude>
    <ClInclude Include="..\..\..\Libs\eastl\include\EASTL\bonus\fixed_tuple_vector.h">
      <Filter>Libs\eastl\include\bonus</Filter>
    </ClInclude>
    <ClInclude Include="..\..\..\Libs\eastl\include\EASTL\bonus\intrusive_sdlist.h">
      <Filter>Libs\eastl\include\bonus</Filter>
    </ClInclude>
    <ClInclude Include="..\..\..\Libs\eastl\include\EASTL\bonus\intrusive_slist.h">
      <Filter>Libs\eastl\include\bonus</Filter>
    </ClInclude>
    <ClInclude Include="..\..\..\Libs\eastl\include\EASTL\bonus\list_map.h">
      <Filter>Libs\eastl\include\bonus</Filter>
    </ClInclude>
    <ClInclude Include="..\..\..\Libs\eastl\include\EASTL\bonus\lru_cache.h">
      <Filter>Libs\eastl\include\bonus</Filter>
    </ClInclude>
    <ClInclude Include="..\..\..\Libs\eastl\include\EASTL\bonus\ring_buffer.h">
      <Filter>Libs\eastl\include\bonus</Filter>
    </ClInclude>
    <ClInclude Include="..\..\..\Libs\eastl\include\EASTL\bonus\sort_extra.h">
      <Filter>Libs\eastl\include\bonus</Filter>
    </ClInclude>
    <ClInclude Include="..\..\..\Libs\eastl\include\EASTL\bonus\sparse_matrix.h">
      <Filter>Libs\eastl\include\bonus</Filter>
    </ClInclude>
    <ClInclude Include="..\..\..\Libs\eastl\include\EASTL\bonus\tuple_vector.h">
      <Filter>Libs\eastl\include\bonus</Filter>
    </ClInclude>
  </ItemGroup>
</Project>