<?xml version="1.0" encoding="utf-8"?>
<Project ToolsVersion="4.0" xmlns="http://schemas.microsoft.com/developer/msbuild/2003">
  <ItemGroup>
    <Filter Include="Resource Files">
      <UniqueIdentifier>{67DA6AB6-F800-4c08-8B7A-83BB121AAD01}</UniqueIdentifier>
      <Extensions>rc;ico;cur;bmp;dlg;rc2;rct;bin;rgs;gif;jpg;jpeg;jpe;resx;tiff;tif;png;wav;mfcribbon-ms</Extensions>
    </Filter>
    <Filter Include="ENgine">
      <UniqueIdentifier>{1fc6e991-1ec1-4520-94d2-e8f73c03c996}</UniqueIdentifier>
    </Filter>
    <Filter Include="ENgine\Root">
      <UniqueIdentifier>{cb699a75-3020-429d-92e5-adc52009f7ce}</UniqueIdentifier>
    </Filter>
    <Filter Include="ENgine\Support">
      <UniqueIdentifier>{8a7c89f7-cd92-46d0-88ad-a574d8e06132}</UniqueIdentifier>
    </Filter>
    <Filter Include="ENgine\Support\Math">
      <UniqueIdentifier>{93faa772-3936-464b-bdf3-1b4b64d61c70}</UniqueIdentifier>
    </Filter>
    <Filter Include="ENgine\Root\Files">
      <UniqueIdentifier>{964983e8-fa2d-4b80-81c5-e703fe3ca080}</UniqueIdentifier>
    </Filter>
    <Filter Include="Libs">
      <UniqueIdentifier>{5f2e6ccd-2903-4835-a7f3-3ec9a674ad6b}</UniqueIdentifier>
    </Filter>
    <Filter Include="Libs\vjson">
      <UniqueIdentifier>{745e19cb-ee68-4327-b669-1f7e8cc62ed0}</UniqueIdentifier>
    </Filter>
    <Filter Include="ENgine\Root\TaskExecutor">
      <UniqueIdentifier>{5c1ffedd-4fff-40e4-8b4a-273b587dfbeb}</UniqueIdentifier>
    </Filter>
    <Filter Include="ENgine\Root\Render">
      <UniqueIdentifier>{b43779a7-158f-4b98-82bd-2819f9b8b888}</UniqueIdentifier>
    </Filter>
    <Filter Include="ENgine\Root\Render\Debug">
      <UniqueIdentifier>{eed1eee6-1f8c-47d1-9a17-d0cdb657b7b7}</UniqueIdentifier>
    </Filter>
    <Filter Include="ENgine\Root\Render\DX11">
      <UniqueIdentifier>{cb133488-17fc-4e45-8189-f3f5060fd33b}</UniqueIdentifier>
    </Filter>
    <Filter Include="ENgine\Root\Fonts">
      <UniqueIdentifier>{8c17a77d-4582-4e6f-95e5-94dc2541b000}</UniqueIdentifier>
    </Filter>
    <Filter Include="ENgine\Editor">
      <UniqueIdentifier>{55e9d59d-c8a8-4755-82a8-5a73491b7dc9}</UniqueIdentifier>
    </Filter>
    <Filter Include="ENgine\Platform">
      <UniqueIdentifier>{1719761c-68d3-4f42-8861-c7373fb7aa94}</UniqueIdentifier>
    </Filter>
    <Filter Include="ENgine\Platform\Win">
      <UniqueIdentifier>{be6a7cfb-edf8-4fee-be24-aa9bc793325d}</UniqueIdentifier>
    </Filter>
    <Filter Include="ENgine\Root\Controls">
      <UniqueIdentifier>{7987f5a7-6656-4ee5-b28a-9a10fbc0a48b}</UniqueIdentifier>
    </Filter>
    <Filter Include="ENgine\Root\Memory">
      <UniqueIdentifier>{a6416540-89d9-4bb1-992a-ddf2a986d3ab}</UniqueIdentifier>
    </Filter>
    <Filter Include="Libs\jemalloc">
      <UniqueIdentifier>{d5ea55af-219e-4ff8-9cce-6f306a1dae4c}</UniqueIdentifier>
    </Filter>
    <Filter Include="Libs\jemalloc\include">
      <UniqueIdentifier>{a77d28a9-33c3-4c9e-8ce6-461a389ae69c}</UniqueIdentifier>
    </Filter>
    <Filter Include="Libs\jemalloc\src">
      <UniqueIdentifier>{93707235-edbe-4c82-8b1a-27306be09667}</UniqueIdentifier>
    </Filter>
    <Filter Include="Libs\imgui">
      <UniqueIdentifier>{ed4bf8b4-850d-4f30-9eb1-122b1c9102b3}</UniqueIdentifier>
    </Filter>
    <Filter Include="ENgine\Root\Scenes">
      <UniqueIdentifier>{57a969e5-1214-48e9-9a38-5dd51eff646d}</UniqueIdentifier>
    </Filter>
    <Filter Include="ENgine\SceneEntities">
      <UniqueIdentifier>{dc103d28-c185-44bd-a1f1-5ff137295566}</UniqueIdentifier>
    </Filter>
    <Filter Include="ENgine\Root\Assets">
      <UniqueIdentifier>{6dbbb2eb-94d7-49f4-b1a8-58c6aec721ab}</UniqueIdentifier>
    </Filter>
    <Filter Include="ENgine\SceneEntities\2D">
      <UniqueIdentifier>{59941c46-96f9-4802-a797-ce956c114903}</UniqueIdentifier>
    </Filter>
    <Filter Include="ENgine\SceneEntities\Other">
      <UniqueIdentifier>{987cd30d-4566-4fea-a9b1-183d0e1eec00}</UniqueIdentifier>
    </Filter>
    <Filter Include="ENgine\Root\Scripts">
      <UniqueIdentifier>{c7567920-e509-4db9-a2d9-f69c3b27a225}</UniqueIdentifier>
    </Filter>
    <Filter Include="ENgine\Root\Network">
      <UniqueIdentifier>{e265f699-7a37-4cd5-bf15-e1f5e1fe08f6}</UniqueIdentifier>
    </Filter>
    <Filter Include="ENgine\Root\Meshes">
      <UniqueIdentifier>{3a99e783-956d-459d-83c3-a2b3a7d19483}</UniqueIdentifier>
    </Filter>
    <Filter Include="ENgine\Support\fbx">
      <UniqueIdentifier>{c11e7d4d-4610-424b-9728-29dd8bca4644}</UniqueIdentifier>
    </Filter>
    <Filter Include="ENgine\SceneEntities\3D">
      <UniqueIdentifier>{19e21794-0edd-402a-8a42-e6edae6a523f}</UniqueIdentifier>
    </Filter>
  </ItemGroup>
  <ItemGroup>
    <ClCompile Include="..\..\..\ENgine\Support\Timer.cpp">
      <Filter>ENgine\Support</Filter>
    </ClCompile>
    <ClCompile Include="..\..\..\ENgine\Root\Root.cpp">
      <Filter>ENgine\Root</Filter>
    </ClCompile>
    <ClCompile Include="..\..\..\ENgine\Support\StringUtils.cpp">
      <Filter>ENgine\Support</Filter>
    </ClCompile>
    <ClCompile Include="..\..\..\ENgine\Support\Math\Math.cpp">
      <Filter>ENgine\Support\Math</Filter>
    </ClCompile>
    <ClCompile Include="..\..\..\ENgine\Root\Files\FileInMemory.cpp">
      <Filter>ENgine\Root\Files</Filter>
    </ClCompile>
    <ClCompile Include="..\..\..\ENgine\Root\Files\Files.cpp">
      <Filter>ENgine\Root\Files</Filter>
    </ClCompile>
    <ClCompile Include="..\..\..\ENgine\Root\Files\File.cpp">
      <Filter>ENgine\Root\Files</Filter>
    </ClCompile>
    <ClCompile Include="..\..\..\Libs\vjson\block_allocator.cpp">
      <Filter>Libs\vjson</Filter>
    </ClCompile>
    <ClCompile Include="..\..\..\Libs\vjson\json.cpp">
      <Filter>Libs\vjson</Filter>
    </ClCompile>
    <ClCompile Include="..\..\..\ENgine\Root\Files\JsonReader.cpp">
      <Filter>ENgine\Root\Files</Filter>
    </ClCompile>
    <ClCompile Include="..\..\..\ENgine\Root\Files\JsonWriter.cpp">
      <Filter>ENgine\Root\Files</Filter>
    </ClCompile>
    <ClCompile Include="..\..\..\ENgine\Root\TaskExecutor\TaskExecutor.cpp">
      <Filter>ENgine\Root\TaskExecutor</Filter>
    </ClCompile>
    <ClCompile Include="..\..\..\ENgine\Root\Render\Program.cpp">
      <Filter>ENgine\Root\Render</Filter>
    </ClCompile>
    <ClCompile Include="..\..\..\ENgine\Root\Render\Render.cpp">
      <Filter>ENgine\Root\Render</Filter>
    </ClCompile>
    <ClCompile Include="..\..\..\ENgine\Root\Render\Texture.cpp">
      <Filter>ENgine\Root\Render</Filter>
    </ClCompile>
    <ClCompile Include="..\..\..\ENgine\Root\Render\DX11\DataBufferDX11.cpp">
      <Filter>ENgine\Root\Render\DX11</Filter>
    </ClCompile>
    <ClCompile Include="..\..\..\ENgine\Root\Render\DX11\DeviceDX11.cpp">
      <Filter>ENgine\Root\Render\DX11</Filter>
    </ClCompile>
    <ClCompile Include="..\..\..\ENgine\Root\Render\DX11\ShaderDX11.cpp">
      <Filter>ENgine\Root\Render\DX11</Filter>
    </ClCompile>
    <ClCompile Include="..\..\..\ENgine\Root\Render\DX11\TextureDX11.cpp">
      <Filter>ENgine\Root\Render\DX11</Filter>
    </ClCompile>
    <ClCompile Include="..\..\..\ENgine\Root\Render\DX11\VertexDeclDX11.cpp">
      <Filter>ENgine\Root\Render\DX11</Filter>
    </ClCompile>
    <ClCompile Include="..\..\..\ENgine\Root\Render\Debug\DebugBoxes.cpp">
      <Filter>ENgine\Root\Render\Debug</Filter>
    </ClCompile>
    <ClCompile Include="..\..\..\ENgine\Root\Render\Debug\DebugFont.cpp">
      <Filter>ENgine\Root\Render\Debug</Filter>
    </ClCompile>
    <ClCompile Include="..\..\..\ENgine\Root\Render\Debug\DebugLines.cpp">
      <Filter>ENgine\Root\Render\Debug</Filter>
    </ClCompile>
    <ClCompile Include="..\..\..\ENgine\Root\Render\Debug\DebugPrograms.cpp">
      <Filter>ENgine\Root\Render\Debug</Filter>
    </ClCompile>
    <ClCompile Include="..\..\..\ENgine\Root\Render\Debug\DebugSpheres.cpp">
      <Filter>ENgine\Root\Render\Debug</Filter>
    </ClCompile>
    <ClCompile Include="..\..\..\ENgine\Root\Render\Debug\DebugSprites.cpp">
      <Filter>ENgine\Root\Render\Debug</Filter>
    </ClCompile>
    <ClCompile Include="..\..\..\ENgine\Root\Render\Debug\DebugTriangles.cpp">
      <Filter>ENgine\Root\Render\Debug</Filter>
    </ClCompile>
    <ClCompile Include="..\..\..\ENgine\Root\Render\Debug\DebugTriangles2D.cpp">
      <Filter>ENgine\Root\Render\Debug</Filter>
    </ClCompile>
    <ClCompile Include="..\..\..\ENgine\Root\Fonts\FontRes.cpp">
      <Filter>ENgine\Root\Fonts</Filter>
    </ClCompile>
    <ClCompile Include="..\..\..\ENgine\Root\Fonts\Fonts.cpp">
      <Filter>ENgine\Root\Fonts</Filter>
    </ClCompile>
    <ClCompile Include="..\..\..\ENgine\Editor\Editor.cpp">
      <Filter>ENgine\Editor</Filter>
    </ClCompile>
    <ClCompile Include="..\..\..\ENgine\Root\Controls\Controls.cpp">
      <Filter>ENgine\Root\Controls</Filter>
    </ClCompile>
    <ClCompile Include="..\..\..\ENgine\Editor\Freecamera.cpp">
      <Filter>ENgine\Editor</Filter>
    </ClCompile>
    <ClCompile Include="..\..\..\ENgine\Root\Memory\MemoryManager.cpp">
      <Filter>ENgine\Root\Memory</Filter>
    </ClCompile>
    <ClCompile Include="..\..\..\Libs\jemalloc\src\arena.c">
      <Filter>Libs\jemalloc\src</Filter>
    </ClCompile>
    <ClCompile Include="..\..\..\Libs\jemalloc\src\background_thread.c">
      <Filter>Libs\jemalloc\src</Filter>
    </ClCompile>
    <ClCompile Include="..\..\..\Libs\jemalloc\src\base.c">
      <Filter>Libs\jemalloc\src</Filter>
    </ClCompile>
    <ClCompile Include="..\..\..\Libs\jemalloc\src\bin.c">
      <Filter>Libs\jemalloc\src</Filter>
    </ClCompile>
    <ClCompile Include="..\..\..\Libs\jemalloc\src\bitmap.c">
      <Filter>Libs\jemalloc\src</Filter>
    </ClCompile>
    <ClCompile Include="..\..\..\Libs\jemalloc\src\ckh.c">
      <Filter>Libs\jemalloc\src</Filter>
    </ClCompile>
    <ClCompile Include="..\..\..\Libs\jemalloc\src\ctl.c">
      <Filter>Libs\jemalloc\src</Filter>
    </ClCompile>
    <ClCompile Include="..\..\..\Libs\jemalloc\src\div.c">
      <Filter>Libs\jemalloc\src</Filter>
    </ClCompile>
    <ClCompile Include="..\..\..\Libs\jemalloc\src\extent.c">
      <Filter>Libs\jemalloc\src</Filter>
    </ClCompile>
    <ClCompile Include="..\..\..\Libs\jemalloc\src\extent_dss.c">
      <Filter>Libs\jemalloc\src</Filter>
    </ClCompile>
    <ClCompile Include="..\..\..\Libs\jemalloc\src\extent_mmap.c">
      <Filter>Libs\jemalloc\src</Filter>
    </ClCompile>
    <ClCompile Include="..\..\..\Libs\jemalloc\src\hash.c">
      <Filter>Libs\jemalloc\src</Filter>
    </ClCompile>
    <ClCompile Include="..\..\..\Libs\jemalloc\src\hooks.c">
      <Filter>Libs\jemalloc\src</Filter>
    </ClCompile>
    <ClCompile Include="..\..\..\Libs\jemalloc\src\jemalloc.c">
      <Filter>Libs\jemalloc\src</Filter>
    </ClCompile>
    <ClCompile Include="..\..\..\Libs\jemalloc\src\large.c">
      <Filter>Libs\jemalloc\src</Filter>
    </ClCompile>
    <ClCompile Include="..\..\..\Libs\jemalloc\src\log.c">
      <Filter>Libs\jemalloc\src</Filter>
    </ClCompile>
    <ClCompile Include="..\..\..\Libs\jemalloc\src\malloc_io.c">
      <Filter>Libs\jemalloc\src</Filter>
    </ClCompile>
    <ClCompile Include="..\..\..\Libs\jemalloc\src\mutex.c">
      <Filter>Libs\jemalloc\src</Filter>
    </ClCompile>
    <ClCompile Include="..\..\..\Libs\jemalloc\src\mutex_pool.c">
      <Filter>Libs\jemalloc\src</Filter>
    </ClCompile>
    <ClCompile Include="..\..\..\Libs\jemalloc\src\nstime.c">
      <Filter>Libs\jemalloc\src</Filter>
    </ClCompile>
    <ClCompile Include="..\..\..\Libs\jemalloc\src\pages.c">
      <Filter>Libs\jemalloc\src</Filter>
    </ClCompile>
    <ClCompile Include="..\..\..\Libs\jemalloc\src\prng.c">
      <Filter>Libs\jemalloc\src</Filter>
    </ClCompile>
    <ClCompile Include="..\..\..\Libs\jemalloc\src\prof.c">
      <Filter>Libs\jemalloc\src</Filter>
    </ClCompile>
    <ClCompile Include="..\..\..\Libs\jemalloc\src\rtree.c">
      <Filter>Libs\jemalloc\src</Filter>
    </ClCompile>
    <ClCompile Include="..\..\..\Libs\jemalloc\src\stats.c">
      <Filter>Libs\jemalloc\src</Filter>
    </ClCompile>
    <ClCompile Include="..\..\..\Libs\jemalloc\src\sz.c">
      <Filter>Libs\jemalloc\src</Filter>
    </ClCompile>
    <ClCompile Include="..\..\..\Libs\jemalloc\src\tcache.c">
      <Filter>Libs\jemalloc\src</Filter>
    </ClCompile>
    <ClCompile Include="..\..\..\Libs\jemalloc\src\ticker.c">
      <Filter>Libs\jemalloc\src</Filter>
    </ClCompile>
    <ClCompile Include="..\..\..\Libs\jemalloc\src\tsd.c">
      <Filter>Libs\jemalloc\src</Filter>
    </ClCompile>
    <ClCompile Include="..\..\..\Libs\jemalloc\src\witness.c">
      <Filter>Libs\jemalloc\src</Filter>
    </ClCompile>
    <ClCompile Include="..\..\..\Libs\imgui\imgui.cpp">
      <Filter>Libs\imgui</Filter>
    </ClCompile>
    <ClCompile Include="..\..\..\Libs\imgui\imgui_draw.cpp">
      <Filter>Libs\imgui</Filter>
    </ClCompile>
    <ClCompile Include="..\..\..\Libs\imgui\imgui_widgets.cpp">
      <Filter>Libs\imgui</Filter>
    </ClCompile>
    <ClCompile Include="..\..\..\Libs\imgui\imgui_impl_win32.cpp">
      <Filter>Libs\imgui</Filter>
    </ClCompile>
    <ClCompile Include="..\..\..\Libs\imgui\imgui_impl_dx11.cpp">
      <Filter>Libs\imgui</Filter>
    </ClCompile>
    <ClCompile Include="..\..\..\ENgine\Root\Fonts\FontRef.cpp">
      <Filter>ENgine\Root\Fonts</Filter>
    </ClCompile>
    <ClCompile Include="..\..\..\ENgine\Support\MetaData.cpp">
      <Filter>ENgine\Support</Filter>
    </ClCompile>
    <ClCompile Include="..\..\..\ENgine\Root\Scenes\SceneEntity.cpp">
      <Filter>ENgine\Root\Scenes</Filter>
    </ClCompile>
    <ClCompile Include="..\..\..\ENgine\Root\Scenes\SceneManager.cpp">
      <Filter>ENgine\Root\Scenes</Filter>
    </ClCompile>
    <ClCompile Include="..\..\..\ENgine\Root\Scenes\Scene.cpp">
      <Filter>ENgine\Root\Scenes</Filter>
    </ClCompile>
    <ClCompile Include="..\..\..\ENgine\Editor\Project.cpp">
      <Filter>ENgine\Editor</Filter>
    </ClCompile>
    <ClCompile Include="..\..\..\ENgine\Support\Sprite.cpp">
      <Filter>ENgine\Support</Filter>
    </ClCompile>
    <ClCompile Include="..\..\..\ENgine\Editor\EditorDrawer.cpp">
      <Filter>ENgine\Editor</Filter>
    </ClCompile>
    <ClCompile Include="..\..\..\ENgine\Editor\Gizmo.cpp">
      <Filter>ENgine\Editor</Filter>
    </ClCompile>
    <ClCompile Include="..\..\..\ENgine\Root\Assets\Assets.cpp">
      <Filter>ENgine\Root\Assets</Filter>
    </ClCompile>
    <ClCompile Include="..\..\..\ENgine\Support\ThreadExecutor.cpp">
      <Filter>ENgine\Support</Filter>
    </ClCompile>
    <ClCompile Include="..\..\..\ENgine\Root\Assets\AssetTexture.cpp">
      <Filter>ENgine\Root\Assets</Filter>
    </ClCompile>
    <ClCompile Include="..\..\..\ENgine\Root\Assets\Asset.cpp">
      <Filter>ENgine\Root\Assets</Filter>
    </ClCompile>
    <ClCompile Include="..\..\..\ENgine\SceneEntities\2D\SpriteEntity.cpp">
      <Filter>ENgine\SceneEntities\2D</Filter>
    </ClCompile>
    <ClCompile Include="..\..\..\ENgine\SceneEntities\2D\Camera2D.cpp">
      <Filter>ENgine\SceneEntities\2D</Filter>
    </ClCompile>
    <ClCompile Include="..\..\..\ENgine\SceneEntities\Other\SimpleCharacter2D.cpp">
      <Filter>ENgine\SceneEntities\Other</Filter>
    </ClCompile>
    <ClCompile Include="..\..\..\ENgine\SceneEntities\Other\TestEntity.cpp">
      <Filter>ENgine\SceneEntities\Other</Filter>
    </ClCompile>
    <ClCompile Include="..\..\..\ENgine\SceneEntities\Other\TestEntity3D.cpp">
      <Filter>ENgine\SceneEntities\Other</Filter>
    </ClCompile>
    <ClCompile Include="..\..\..\ENgine\Editor\SpriteWindow.cpp">
      <Filter>ENgine\Editor</Filter>
    </ClCompile>
    <ClCompile Include="..\..\..\ENgine\Root\Assets\AssetAnimGraph2D.cpp">
      <Filter>ENgine\Root\Assets</Filter>
    </ClCompile>
    <ClCompile Include="..\..\..\ENgine\SceneEntities\2D\AnimGraph2D.cpp">
      <Filter>ENgine\SceneEntities\2D</Filter>
    </ClCompile>
    <ClCompile Include="..\..\..\ENgine\SceneEntities\2D\ParalaxedSpriteEntity.cpp">
      <Filter>ENgine\SceneEntities\2D</Filter>
    </ClCompile>
    <ClCompile Include="..\..\..\ENgine\Root\Scripts\ScriptCore.cpp">
      <Filter>ENgine\Root\Scripts</Filter>
    </ClCompile>
    <ClCompile Include="..\..\..\ENgine\Root\Scripts\Scripts.cpp">
      <Filter>ENgine\Root\Scripts</Filter>
    </ClCompile>
    <ClCompile Include="..\..\..\ENgine\Root\Network\Network.cpp">
      <Filter>ENgine\Root\Network</Filter>
    </ClCompile>
    <ClCompile Include="..\..\..\ENgine\Root\Meshes\Meshes.cpp">
      <Filter>ENgine\Root\Meshes</Filter>
    </ClCompile>
    <ClCompile Include="..\..\..\ENgine\Root\Meshes\MeshPrograms.cpp">
      <Filter>ENgine\Root\Meshes</Filter>
    </ClCompile>
    <ClCompile Include="..\..\..\ENgine\Root\Meshes\MeshRes.cpp">
      <Filter>ENgine\Root\Meshes</Filter>
    </ClCompile>
    <ClCompile Include="..\..\..\..\Atum\Atum\Support\fbx\miniz.c">
      <Filter>ENgine\Support\fbx</Filter>
    </ClCompile>
    <ClCompile Include="..\..\..\..\Atum\Atum\Support\fbx\ofbx.cpp">
      <Filter>ENgine\Support\fbx</Filter>
    </ClCompile>
    <ClCompile Include="..\..\..\ENgine\SceneEntities\3D\Model.cpp">
      <Filter>ENgine\SceneEntities\3D</Filter>
    </ClCompile>
  </ItemGroup>
  <ItemGroup>
    <ClInclude Include="..\..\..\ENgine\Support\Timer.h">
      <Filter>ENgine\Support</Filter>
    </ClInclude>
    <ClInclude Include="..\..\..\ENgine\Root\Root.h">
      <Filter>ENgine\Root</Filter>
    </ClInclude>
    <ClInclude Include="..\..\..\ENgine\Support\StringUtils.h">
      <Filter>ENgine\Support</Filter>
    </ClInclude>
    <ClInclude Include="..\..\..\ENgine\Support\Math\Math.h">
      <Filter>ENgine\Support\Math</Filter>
    </ClInclude>
    <ClInclude Include="..\..\..\ENgine\Support\Math\Matrix.h">
      <Filter>ENgine\Support\Math</Filter>
    </ClInclude>
    <ClInclude Include="..\..\..\ENgine\Support\Math\Quaternion.h">
      <Filter>ENgine\Support\Math</Filter>
    </ClInclude>
    <ClInclude Include="..\..\..\ENgine\Support\Math\Vector2.h">
      <Filter>ENgine\Support\Math</Filter>
    </ClInclude>
    <ClInclude Include="..\..\..\ENgine\Support\Math\Vector3.h">
      <Filter>ENgine\Support\Math</Filter>
    </ClInclude>
    <ClInclude Include="..\..\..\ENgine\Support\Math\Vector4.h">
      <Filter>ENgine\Support\Math</Filter>
    </ClInclude>
    <ClInclude Include="..\..\..\ENgine\Root\Files\FileInMemory.h">
      <Filter>ENgine\Root\Files</Filter>
    </ClInclude>
    <ClInclude Include="..\..\..\ENgine\Root\Files\Files.h">
      <Filter>ENgine\Root\Files</Filter>
    </ClInclude>
    <ClInclude Include="..\..\..\ENgine\Root\Files\File.h">
      <Filter>ENgine\Root\Files</Filter>
    </ClInclude>
    <ClInclude Include="..\..\..\Libs\vjson\block_allocator.h">
      <Filter>Libs\vjson</Filter>
    </ClInclude>
    <ClInclude Include="..\..\..\Libs\vjson\json.h">
      <Filter>Libs\vjson</Filter>
    </ClInclude>
    <ClInclude Include="..\..\..\ENgine\Support\Color.h">
      <Filter>ENgine\Support</Filter>
    </ClInclude>
    <ClInclude Include="..\..\..\ENgine\Support\Defines.h">
      <Filter>ENgine\Support</Filter>
    </ClInclude>
    <ClInclude Include="..\..\..\ENgine\Support\Support.h">
      <Filter>ENgine\Support</Filter>
    </ClInclude>
    <ClInclude Include="..\..\..\ENgine\Root\Files\JsonReader.h">
      <Filter>ENgine\Root\Files</Filter>
    </ClInclude>
    <ClInclude Include="..\..\..\ENgine\Root\Files\JsonWriter.h">
      <Filter>ENgine\Root\Files</Filter>
    </ClInclude>
    <ClInclude Include="..\..\..\ENgine\Root\TaskExecutor\TaskExecutor.h">
      <Filter>ENgine\Root\TaskExecutor</Filter>
    </ClInclude>
    <ClInclude Include="..\..\..\ENgine\Support\Delegate.h">
      <Filter>ENgine\Support</Filter>
    </ClInclude>
    <ClInclude Include="..\..\..\ENgine\Root\Render\DataBuffer.h">
      <Filter>ENgine\Root\Render</Filter>
    </ClInclude>
    <ClInclude Include="..\..\..\ENgine\Root\Render\Device.h">
      <Filter>ENgine\Root\Render</Filter>
    </ClInclude>
    <ClInclude Include="..\..\..\ENgine\Root\Render\Program.h">
      <Filter>ENgine\Root\Render</Filter>
    </ClInclude>
    <ClInclude Include="..\..\..\ENgine\Root\Render\Render.h">
      <Filter>ENgine\Root\Render</Filter>
    </ClInclude>
    <ClInclude Include="..\..\..\ENgine\Root\Render\Shader.h">
      <Filter>ENgine\Root\Render</Filter>
    </ClInclude>
    <ClInclude Include="..\..\..\ENgine\Root\Render\Texture.h">
      <Filter>ENgine\Root\Render</Filter>
    </ClInclude>
    <ClInclude Include="..\..\..\ENgine\Root\Render\VertexDecl.h">
      <Filter>ENgine\Root\Render</Filter>
    </ClInclude>
    <ClInclude Include="..\..\..\ENgine\Root\Render\DX11\DataBufferDX11.h">
      <Filter>ENgine\Root\Render\DX11</Filter>
    </ClInclude>
    <ClInclude Include="..\..\..\ENgine\Root\Render\DX11\DeviceDX11.h">
      <Filter>ENgine\Root\Render\DX11</Filter>
    </ClInclude>
    <ClInclude Include="..\..\..\ENgine\Root\Render\DX11\ShaderDX11.h">
      <Filter>ENgine\Root\Render\DX11</Filter>
    </ClInclude>
    <ClInclude Include="..\..\..\ENgine\Root\Render\DX11\TextureDX11.h">
      <Filter>ENgine\Root\Render\DX11</Filter>
    </ClInclude>
    <ClInclude Include="..\..\..\ENgine\Root\Render\DX11\VertexDeclDX11.h">
      <Filter>ENgine\Root\Render\DX11</Filter>
    </ClInclude>
    <ClInclude Include="..\..\..\ENgine\Root\Render\Debug\Debug.h">
      <Filter>ENgine\Root\Render\Debug</Filter>
    </ClInclude>
    <ClInclude Include="..\..\..\ENgine\Root\Render\Debug\DebugBoxes.h">
      <Filter>ENgine\Root\Render\Debug</Filter>
    </ClInclude>
    <ClInclude Include="..\..\..\ENgine\Root\Render\Debug\DebugFont.h">
      <Filter>ENgine\Root\Render\Debug</Filter>
    </ClInclude>
    <ClInclude Include="..\..\..\ENgine\Root\Render\Debug\DebugLines.h">
      <Filter>ENgine\Root\Render\Debug</Filter>
    </ClInclude>
    <ClInclude Include="..\..\..\ENgine\Root\Render\Debug\DebugPrograms.h">
      <Filter>ENgine\Root\Render\Debug</Filter>
    </ClInclude>
    <ClInclude Include="..\..\..\ENgine\Root\Render\Debug\DebugSpheres.h">
      <Filter>ENgine\Root\Render\Debug</Filter>
    </ClInclude>
    <ClInclude Include="..\..\..\ENgine\Root\Render\Debug\DebugSprites.h">
      <Filter>ENgine\Root\Render\Debug</Filter>
    </ClInclude>
    <ClInclude Include="..\..\..\ENgine\Root\Render\Debug\DebugTriangles.h">
      <Filter>ENgine\Root\Render\Debug</Filter>
    </ClInclude>
    <ClInclude Include="..\..\..\ENgine\Root\Render\Debug\DebugTriangles2D.h">
      <Filter>ENgine\Root\Render\Debug</Filter>
    </ClInclude>
    <ClInclude Include="..\..\..\ENgine\Support\ClassFactory.h">
      <Filter>ENgine\Support</Filter>
    </ClInclude>
    <ClInclude Include="..\..\..\ENgine\Root\Fonts\FontRes.h">
      <Filter>ENgine\Root\Fonts</Filter>
    </ClInclude>
    <ClInclude Include="..\..\..\ENgine\Root\Fonts\Fonts.h">
      <Filter>ENgine\Root\Fonts</Filter>
    </ClInclude>
    <ClInclude Include="..\..\..\ENgine\Editor\Editor.h">
      <Filter>ENgine\Editor</Filter>
    </ClInclude>
    <ClInclude Include="..\..\..\ENgine\Root\Controls\Controls.h">
      <Filter>ENgine\Root\Controls</Filter>
    </ClInclude>
    <ClInclude Include="..\..\..\ENgine\Editor\Freecamera.h">
      <Filter>ENgine\Editor</Filter>
    </ClInclude>
    <ClInclude Include="..\..\..\ENgine\Root\Memory\MemoryManager.h">
      <Filter>ENgine\Root\Memory</Filter>
    </ClInclude>
    <ClInclude Include="..\..\..\Libs\jemalloc\include\jemalloc\jemalloc.h">
      <Filter>Libs\jemalloc\include</Filter>
    </ClInclude>
    <ClInclude Include="..\..\..\Libs\jemalloc\include\jemalloc\jemalloc_defs.h">
      <Filter>Libs\jemalloc\include</Filter>
    </ClInclude>
    <ClInclude Include="..\..\..\Libs\jemalloc\include\jemalloc\jemalloc_macros.h">
      <Filter>Libs\jemalloc\include</Filter>
    </ClInclude>
    <ClInclude Include="..\..\..\Libs\jemalloc\include\jemalloc\jemalloc_mangle.h">
      <Filter>Libs\jemalloc\include</Filter>
    </ClInclude>
    <ClInclude Include="..\..\..\Libs\jemalloc\include\jemalloc\jemalloc_mangle_jet.h">
      <Filter>Libs\jemalloc\include</Filter>
    </ClInclude>
    <ClInclude Include="..\..\..\Libs\jemalloc\include\jemalloc\jemalloc_protos.h">
      <Filter>Libs\jemalloc\include</Filter>
    </ClInclude>
    <ClInclude Include="..\..\..\Libs\jemalloc\include\jemalloc\jemalloc_protos_jet.h">
      <Filter>Libs\jemalloc\include</Filter>
    </ClInclude>
    <ClInclude Include="..\..\..\Libs\jemalloc\include\jemalloc\jemalloc_rename.h">
      <Filter>Libs\jemalloc\include</Filter>
    </ClInclude>
    <ClInclude Include="..\..\..\Libs\jemalloc\include\jemalloc\jemalloc_typedefs.h">
      <Filter>Libs\jemalloc\include</Filter>
    </ClInclude>
    <ClInclude Include="..\..\..\Libs\imgui\imgui.h">
      <Filter>Libs\imgui</Filter>
    </ClInclude>
    <ClInclude Include="..\..\..\Libs\imgui\imgui_internal.h">
      <Filter>Libs\imgui</Filter>
    </ClInclude>
    <ClInclude Include="..\..\..\Libs\imgui\imstb_rectpack.h">
      <Filter>Libs\imgui</Filter>
    </ClInclude>
    <ClInclude Include="..\..\..\Libs\imgui\imstb_textedit.h">
      <Filter>Libs\imgui</Filter>
    </ClInclude>
    <ClInclude Include="..\..\..\Libs\imgui\imstb_truetype.h">
      <Filter>Libs\imgui</Filter>
    </ClInclude>
    <ClInclude Include="..\..\..\Libs\imgui\imgui_impl_win32.h">
      <Filter>Libs\imgui</Filter>
    </ClInclude>
    <ClInclude Include="..\..\..\Libs\imgui\imgui_impl_dx11.h">
      <Filter>Libs\imgui</Filter>
    </ClInclude>
    <ClInclude Include="..\..\..\ENgine\Root\Fonts\FontRef.h">
      <Filter>ENgine\Root\Fonts</Filter>
    </ClInclude>
    <ClInclude Include="..\..\..\ENgine\Support\MetaData.h">
      <Filter>ENgine\Support</Filter>
    </ClInclude>
    <ClInclude Include="..\..\..\ENgine\Support\PointerRef.h">
      <Filter>ENgine\Support</Filter>
    </ClInclude>
    <ClInclude Include="..\..\..\ENgine\Root\Scenes\SceneEntity.h">
      <Filter>ENgine\Root\Scenes</Filter>
    </ClInclude>
    <ClInclude Include="..\..\..\ENgine\Root\Scenes\SceneManager.h">
      <Filter>ENgine\Root\Scenes</Filter>
    </ClInclude>
    <ClInclude Include="..\..\..\ENgine\Root\Scenes\Scene.h">
      <Filter>ENgine\Root\Scenes</Filter>
    </ClInclude>
    <ClInclude Include="..\..\..\ENgine\Support\Transform.h">
      <Filter>ENgine\Support</Filter>
    </ClInclude>
    <ClInclude Include="..\..\..\ENgine\Editor\Project.h">
      <Filter>ENgine\Editor</Filter>
    </ClInclude>
    <ClInclude Include="..\..\..\ENgine\Support\Sprite.h">
      <Filter>ENgine\Support</Filter>
    </ClInclude>
    <ClInclude Include="..\..\..\ENgine\Editor\EditorDrawer.h">
      <Filter>ENgine\Editor</Filter>
    </ClInclude>
    <ClInclude Include="..\..\..\ENgine\Editor\Gizmo.h">
      <Filter>ENgine\Editor</Filter>
    </ClInclude>
    <ClInclude Include="..\..\..\ENgine\Root\Assets\Assets.h">
      <Filter>ENgine\Root\Assets</Filter>
    </ClInclude>
    <ClInclude Include="..\..\..\ENgine\Support\ThreadExecutor.h">
      <Filter>ENgine\Support</Filter>
    </ClInclude>
    <ClInclude Include="..\..\..\ENgine\Root\Assets\Asset.h">
      <Filter>ENgine\Root\Assets</Filter>
    </ClInclude>
    <ClInclude Include="..\..\..\ENgine\Root\Assets\AssetTexture.h">
      <Filter>ENgine\Root\Assets</Filter>
    </ClInclude>
    <ClInclude Include="..\..\..\ENgine\SceneEntities\2D\SpriteEntity.h">
      <Filter>ENgine\SceneEntities\2D</Filter>
    </ClInclude>
    <ClInclude Include="..\..\..\ENgine\SceneEntities\2D\Camera2D.h">
      <Filter>ENgine\SceneEntities\2D</Filter>
    </ClInclude>
    <ClInclude Include="..\..\..\ENgine\SceneEntities\Other\SimpleCharacter2D.h">
      <Filter>ENgine\SceneEntities\Other</Filter>
    </ClInclude>
    <ClInclude Include="..\..\..\ENgine\SceneEntities\Other\TestEntity.h">
      <Filter>ENgine\SceneEntities\Other</Filter>
    </ClInclude>
    <ClInclude Include="..\..\..\ENgine\SceneEntities\Other\TestEntity3D.h">
      <Filter>ENgine\SceneEntities\Other</Filter>
    </ClInclude>
    <ClInclude Include="..\..\..\ENgine\Editor\SpriteWindow.h">
      <Filter>ENgine\Editor</Filter>
    </ClInclude>
    <ClInclude Include="..\..\..\ENgine\Root\Assets\AssetAnimGraph2D.h">
      <Filter>ENgine\Root\Assets</Filter>
    </ClInclude>
    <ClInclude Include="..\..\..\ENgine\SceneEntities\2D\AnimGraph2D.h">
      <Filter>ENgine\SceneEntities\2D</Filter>
    </ClInclude>
    <ClInclude Include="..\..\..\ENgine\SceneEntities\2D\ParalaxedSpriteEntity.h">
      <Filter>ENgine\SceneEntities\2D</Filter>
    </ClInclude>
    <ClInclude Include="..\..\..\ENgine\Root\Scripts\ScriptCore.h">
      <Filter>ENgine\Root\Scripts</Filter>
    </ClInclude>
    <ClInclude Include="..\..\..\ENgine\Root\Scripts\Scripts.h">
      <Filter>ENgine\Root\Scripts</Filter>
    </ClInclude>
    <ClInclude Include="..\..\..\ENgine\Root\Network\Network.h">
      <Filter>ENgine\Root\Network</Filter>
    </ClInclude>
    <ClInclude Include="..\..\..\ENgine\Root\Meshes\Meshes.h">
      <Filter>ENgine\Root\Meshes</Filter>
    </ClInclude>
    <ClInclude Include="..\..\..\ENgine\Root\Meshes\MeshPrograms.h">
      <Filter>ENgine\Root\Meshes</Filter>
    </ClInclude>
    <ClInclude Include="..\..\..\ENgine\Root\Meshes\MeshRes.h">
      <Filter>ENgine\Root\Meshes</Filter>
    </ClInclude>
    <ClInclude Include="..\..\..\..\Atum\Atum\Support\fbx\miniz.h">
      <Filter>ENgine\Support\fbx</Filter>
    </ClInclude>
    <ClInclude Include="..\..\..\..\Atum\Atum\Support\fbx\ofbx.h">
      <Filter>ENgine\Support\fbx</Filter>
    </ClInclude>
    <ClInclude Include="..\..\..\ENgine\SceneEntities\3D\Model.h">
      <Filter>ENgine\SceneEntities\3D</Filter>
    </ClInclude>
  </ItemGroup>
  <ItemGroup>
    <None Include="..\..\..\Libs\jemalloc\include\jemalloc\jemalloc.sh">
      <Filter>Libs\jemalloc\include</Filter>
    </None>
    <None Include="..\..\..\Libs\jemalloc\include\jemalloc\jemalloc_defs.h.in">
      <Filter>Libs\jemalloc\include</Filter>
    </None>
    <None Include="..\..\..\Libs\jemalloc\include\jemalloc\jemalloc_macros.h.in">
      <Filter>Libs\jemalloc\include</Filter>
    </None>
    <None Include="..\..\..\Libs\jemalloc\include\jemalloc\jemalloc_mangle.sh">
      <Filter>Libs\jemalloc\include</Filter>
    </None>
    <None Include="..\..\..\Libs\jemalloc\include\jemalloc\jemalloc_protos.h.in">
      <Filter>Libs\jemalloc\include</Filter>
    </None>
    <None Include="..\..\..\Libs\jemalloc\include\jemalloc\jemalloc_rename.sh">
      <Filter>Libs\jemalloc\include</Filter>
    </None>
    <None Include="..\..\..\Libs\jemalloc\include\jemalloc\jemalloc_typedefs.h.in">
      <Filter>Libs\jemalloc\include</Filter>
    </None>
  </ItemGroup>
</Project>