
Microsoft Visual Studio Solution File, Format Version 12.00
# Visual Studio Version 16
VisualStudioVersion = 16.0.30225.117
MinimumVisualStudioVersion = 10.0.40219.1
Project("{8BC9CEB8-8B4A-11D0-8D11-00A0C91BC942}") = "Oak", "Oak\Oak.vcxproj", "{075CB791-8F70-4A20-A8EE-07FA4612507D}"
	ProjectSection(ProjectDependencies) = postProject
		{F7C64503-0778-4435-B565-2333FB52D6BE} = {F7C64503-0778-4435-B565-2333FB52D6BE}
	EndProjectSection
EndProject
Project("{8BC9CEB8-8B4A-11D0-8D11-00A0C91BC942}") = "Editor", "Editor\Editor.vcxproj", "{1DF80034-478D-4695-8F37-5AC731912840}"
	ProjectSection(ProjectDependencies) = postProject
		{075CB791-8F70-4A20-A8EE-07FA4612507D} = {075CB791-8F70-4A20-A8EE-07FA4612507D}
	EndProjectSection
EndProject
Project("{8BC9CEB8-8B4A-11D0-8D11-00A0C91BC942}") = "Eastl", "Eastl\Eastl.vcxproj", "{F7C64503-0778-4435-B565-2333FB52D6BE}"
EndProject
Project("{8BC9CEB8-8B4A-11D0-8D11-00A0C91BC942}") = "Runner", "Runner\Runner.vcxproj", "{43B32A52-246E-430B-A0E0-1EF0C50D5582}"
	ProjectSection(ProjectDependencies) = postProject
		{075CB791-8F70-4A20-A8EE-07FA4612507D} = {075CB791-8F70-4A20-A8EE-07FA4612507D}
	EndProjectSection
EndProject
Global
	GlobalSection(SolutionConfigurationPlatforms) = preSolution
		Debug|x64 = Debug|x64
		Debug|x86 = Debug|x86
		Release|x64 = Release|x64
		Release|x86 = Release|x86
	EndGlobalSection
	GlobalSection(ProjectConfigurationPlatforms) = postSolution
		{075CB791-8F70-4A20-A8EE-07FA4612507D}.Debug|x64.ActiveCfg = Debug|x64
		{075CB791-8F70-4A20-A8EE-07FA4612507D}.Debug|x64.Build.0 = Debug|x64
		{075CB791-8F70-4A20-A8EE-07FA4612507D}.Debug|x86.ActiveCfg = Debug|Win32
		{075CB791-8F70-4A20-A8EE-07FA4612507D}.Debug|x86.Build.0 = Debug|Win32
		{075CB791-8F70-4A20-A8EE-07FA4612507D}.Release|x64.ActiveCfg = Release|x64
		{075CB791-8F70-4A20-A8EE-07FA4612507D}.Release|x64.Build.0 = Release|x64
		{075CB791-8F70-4A20-A8EE-07FA4612507D}.Release|x86.ActiveCfg = Release|Win32
		{075CB791-8F70-4A20-A8EE-07FA4612507D}.Release|x86.Build.0 = Release|Win32
		{1DF80034-478D-4695-8F37-5AC731912840}.Debug|x64.ActiveCfg = Debug|x64
		{1DF80034-478D-4695-8F37-5AC731912840}.Debug|x64.Build.0 = Debug|x64
		{1DF80034-478D-4695-8F37-5AC731912840}.Debug|x86.ActiveCfg = Debug|Win32
		{1DF80034-478D-4695-8F37-5AC731912840}.Debug|x86.Build.0 = Debug|Win32
		{1DF80034-478D-4695-8F37-5AC731912840}.Release|x64.ActiveCfg = Release|x64
		{1DF80034-478D-4695-8F37-5AC731912840}.Release|x64.Build.0 = Release|x64
		{1DF80034-478D-4695-8F37-5AC731912840}.Release|x86.ActiveCfg = Release|Win32
		{1DF80034-478D-4695-8F37-5AC731912840}.Release|x86.Build.0 = Release|Win32
		{F7C64503-0778-4435-B565-2333FB52D6BE}.Debug|x64.ActiveCfg = Debug|x64
		{F7C64503-0778-4435-B565-2333FB52D6BE}.Debug|x64.Build.0 = Debug|x64
		{F7C64503-0778-4435-B565-2333FB52D6BE}.Debug|x86.ActiveCfg = Debug|Win32
		{F7C64503-0778-4435-B565-2333FB52D6BE}.Debug|x86.Build.0 = Debug|Win32
		{F7C64503-0778-4435-B565-2333FB52D6BE}.Release|x64.ActiveCfg = Release|x64
		{F7C64503-0778-4435-B565-2333FB52D6BE}.Release|x64.Build.0 = Release|x64
		{F7C64503-0778-4435-B565-2333FB52D6BE}.Release|x86.ActiveCfg = Release|Win32
		{F7C64503-0778-4435-B565-2333FB52D6BE}.Release|x86.Build.0 = Release|Win32
		{43B32A52-246E-430B-A0E0-1EF0C50D5582}.Debug|x64.ActiveCfg = Debug|x64
		{43B32A52-246E-430B-A0E0-1EF0C50D5582}.Debug|x64.Build.0 = Debug|x64
		{43B32A52-246E-430B-A0E0-1EF0C50D5582}.Debug|x86.ActiveCfg = Debug|Win32
		{43B32A52-246E-430B-A0E0-1EF0C50D5582}.Debug|x86.Build.0 = Debug|Win32
		{43B32A52-246E-430B-A0E0-1EF0C50D5582}.Release|x64.ActiveCfg = Release|x64
		{43B32A52-246E-430B-A0E0-1EF0C50D5582}.Release|x64.Build.0 = Release|x64
		{43B32A52-246E-430B-A0E0-1EF0C50D5582}.Release|x86.ActiveCfg = Release|Win32
		{43B32A52-246E-430B-A0E0-1EF0C50D5582}.Release|x86.Build.0 = Release|Win32
	EndGlobalSection
	GlobalSection(SolutionProperties) = preSolution
		HideSolutionNode = FALSE
	EndGlobalSection
	GlobalSection(ExtensibilityGlobals) = postSolution
		SolutionGuid = {83B7C44A-1D5C-48A8-85A8-5F96152EF623}
	EndGlobalSection
EndGlobal
