
Microsoft Visual Studio Solution File, Format Version 12.00
# Visual Studio Version 16
VisualStudioVersion = 16.0.30225.117
MinimumVisualStudioVersion = 10.0.40219.1
Project("{8BC9CEB8-8B4A-11D0-8D11-00A0C91BC942}") = "Oak", "Oak\Oak.vcxproj", "{075CB791-8F70-4A20-A8EE-07FA4612507D}"
EndProject
Global
	GlobalSection(SolutionConfigurationPlatforms) = preSolution
		Debug|x64 = Debug|x64
		Release|x64 = Release|x64
	EndGlobalSection
	GlobalSection(ProjectConfigurationPlatforms) = postSolution
		{075CB791-8F70-4A20-A8EE-07FA4612507D}.Debug|x64.ActiveCfg = Debug|x64
		{075CB791-8F70-4A20-A8EE-07FA4612507D}.Debug|x64.Build.0 = Debug|x64
		{075CB791-8F70-4A20-A8EE-07FA4612507D}.Release|x64.ActiveCfg = Release|x64
		{075CB791-8F70-4A20-A8EE-07FA4612507D}.Release|x64.Build.0 = Release|x64
	EndGlobalSection
	GlobalSection(SolutionProperties) = preSolution
		HideSolutionNode = FALSE
	EndGlobalSection
	GlobalSection(ExtensibilityGlobals) = postSolution
		SolutionGuid = {83B7C44A-1D5C-48A8-85A8-5F96152EF623}
	EndGlobalSection
EndGlobal
